
Microsoft Visual Studio Solution File, Format Version 12.00
# Visual Studio Version 16
VisualStudioVersion = 16.0.29020.237
MinimumVisualStudioVersion = 10.0.40219.1
Project("{FAE04EC0-301F-11D3-BF4B-00C04F79EFBC}") = "School managment system", "School managment system.csproj", "{4605C6BE-ECD0-4CBC-9CBA-8941425D1339}"
EndProject
Global
	GlobalSection(SolutionConfigurationPlatforms) = preSolution
		Debug|Any CPU = Debug|Any CPU
		Release|Any CPU = Release|Any CPU
	EndGlobalSection
	GlobalSection(ProjectConfigurationPlatforms) = postSolution
		{4605C6BE-ECD0-4CBC-9CBA-8941425D1339}.Debug|Any CPU.ActiveCfg = Debug|Any CPU
		{4605C6BE-ECD0-4CBC-9CBA-8941425D1339}.Debug|Any CPU.Build.0 = Debug|Any CPU
		{4605C6BE-ECD0-4CBC-9CBA-8941425D1339}.Release|Any CPU.ActiveCfg = Release|Any CPU
		{4605C6BE-ECD0-4CBC-9CBA-8941425D1339}.Release|Any CPU.Build.0 = Release|Any CPU
	EndGlobalSection
	GlobalSection(SolutionProperties) = preSolution
		HideSolutionNode = FALSE
	EndGlobalSection
	GlobalSection(ExtensibilityGlobals) = postSolution
		SolutionGuid = {629D5CD9-5B14-42DF-8CBC-C386D6DA9848}
	EndGlobalSection
EndGlobal
